
Microsoft Visual Studio Solution File, Format Version 12.00
# Visual Studio 14
VisualStudioVersion = 14.0.25420.1
MinimumVisualStudioVersion = 10.0.40219.1
Project("{FAE04EC0-301F-11D3-BF4B-00C04F79EFBC}") = "SemanticLogging", "SemanticLogging\SemanticLogging.csproj", "{D333B191-249F-4AB1-9D44-E5213FC87AD8}"
EndProject
Project("{FAE04EC0-301F-11D3-BF4B-00C04F79EFBC}") = "SemanticLogging.UnitTest", "SemanticLogging.UnitTest\SemanticLogging.UnitTest.csproj", "{739CC5DA-C853-4863-A1ED-809D1F0AF7E9}"
EndProject
Project("{FAE04EC0-301F-11D3-BF4B-00C04F79EFBC}") = "DemoConsole", "DemoConsole\DemoConsole.csproj", "{514CB9D4-F16E-4E4A-8537-AF80C143FBDA}"
EndProject
Global
	GlobalSection(SolutionConfigurationPlatforms) = preSolution
		Debug|Any CPU = Debug|Any CPU
		Release|Any CPU = Release|Any CPU
	EndGlobalSection
	GlobalSection(ProjectConfigurationPlatforms) = postSolution
		{D333B191-249F-4AB1-9D44-E5213FC87AD8}.Debug|Any CPU.ActiveCfg = Debug|Any CPU
		{D333B191-249F-4AB1-9D44-E5213FC87AD8}.Debug|Any CPU.Build.0 = Debug|Any CPU
		{D333B191-249F-4AB1-9D44-E5213FC87AD8}.Release|Any CPU.ActiveCfg = Release|Any CPU
		{D333B191-249F-4AB1-9D44-E5213FC87AD8}.Release|Any CPU.Build.0 = Release|Any CPU
		{739CC5DA-C853-4863-A1ED-809D1F0AF7E9}.Debug|Any CPU.ActiveCfg = Debug|Any CPU
		{739CC5DA-C853-4863-A1ED-809D1F0AF7E9}.Debug|Any CPU.Build.0 = Debug|Any CPU
		{739CC5DA-C853-4863-A1ED-809D1F0AF7E9}.Release|Any CPU.ActiveCfg = Release|Any CPU
		{739CC5DA-C853-4863-A1ED-809D1F0AF7E9}.Release|Any CPU.Build.0 = Release|Any CPU
		{514CB9D4-F16E-4E4A-8537-AF80C143FBDA}.Debug|Any CPU.ActiveCfg = Debug|Any CPU
		{514CB9D4-F16E-4E4A-8537-AF80C143FBDA}.Debug|Any CPU.Build.0 = Debug|Any CPU
		{514CB9D4-F16E-4E4A-8537-AF80C143FBDA}.Release|Any CPU.ActiveCfg = Release|Any CPU
		{514CB9D4-F16E-4E4A-8537-AF80C143FBDA}.Release|Any CPU.Build.0 = Release|Any CPU
	EndGlobalSection
	GlobalSection(SolutionProperties) = preSolution
		HideSolutionNode = FALSE
	EndGlobalSection
EndGlobal
